PODS:
  - AWSCognito (2.5.10):
    - AWSCore (= 2.5.10)
  - AWSCognitoIdentityProvider (2.5.10):
    - AWSCore (= 2.5.10)
  - AWSCore (2.5.10)

DEPENDENCIES:
  - AWSCognito
  - AWSCognitoIdentityProvider
  - AWSCore

SPEC CHECKSUMS:
  AWSCognito: 75de3956984129b9a270f99261c431fa1eb87c26
  AWSCognitoIdentityProvider: 50c770c5d6a16788e4e4596986cd9be2bcbc5ace
  AWSCore: 490c988f6af48a10ea113ff06c53a1ef72a3534b

PODFILE CHECKSUM: 07cc833909d35d50450d1eca1661136129b46f04

COCOAPODS: 1.3.1
