// !$*UTF8*$!
{
	archiveVersion = 1;
	classes = {
	};
	objectVersion = 46;
	objects = {

/* Begin PBXBuildFile section */
		1A3285A01F6122C700E10042 /* awsconfiguration.json in Resources */ = {isa = PBXBuildFile; fileRef = 1A32859F1F6122C700E10042 /* awsconfiguration.json */; };
		1A417FC61F55886700ADC6B5 /* Profile.storyboard in Resources */ = {isa = PBXBuildFile; fileRef = 1A417FC41F55886700ADC6B5 /* Profile.storyboard */; };
		1A417FC81F55891900ADC6B5 /* ProfileViewController.swift in Sources */ = {isa = PBXBuildFile; fileRef = 1A417FC71F55891900ADC6B5 /* ProfileViewController.swift */; };
		1A417FCA1F55909700ADC6B5 /* ProfileViewCell.swift in Sources */ = {isa = PBXBuildFile; fileRef = 1A417FC91F55909700ADC6B5 /* ProfileViewCell.swift */; };
		1A813D181F4B0DCD00F190A2 /* Onboard.storyboard in Resources */ = {isa = PBXBuildFile; fileRef = 1A813D161F4B0DCD00F190A2 /* Onboard.storyboard */; };
		1A813D1A1F4B0F0D00F190A2 /* OnboardViewController.swift in Sources */ = {isa = PBXBuildFile; fileRef = 1A813D191F4B0F0D00F190A2 /* OnboardViewController.swift */; };
		1A813D1D1F4B1C6200F190A2 /* CurrentUser.swift in Sources */ = {isa = PBXBuildFile; fileRef = 1A813D1C1F4B1C6200F190A2 /* CurrentUser.swift */; };
		1A900FA41F4C49FE005B3DA4 /* NameViewController.swift in Sources */ = {isa = PBXBuildFile; fileRef = 1A900FA31F4C49FE005B3DA4 /* NameViewController.swift */; };
		1A900FA61F4C4A15005B3DA4 /* LoginViewController.swift in Sources */ = {isa = PBXBuildFile; fileRef = 1A900FA51F4C4A15005B3DA4 /* LoginViewController.swift */; };
		1A900FA91F4C4C26005B3DA4 /* LoginViewCell.swift in Sources */ = {isa = PBXBuildFile; fileRef = 1A900FA81F4C4C26005B3DA4 /* LoginViewCell.swift */; };
		1A900FAB1F4C4C73005B3DA4 /* SignUpViewCell.swift in Sources */ = {isa = PBXBuildFile; fileRef = 1A900FAA1F4C4C73005B3DA4 /* SignUpViewCell.swift */; };
		1A9CC3891F4DC17E000C6479 /* Alert.swift in Sources */ = {isa = PBXBuildFile; fileRef = 1A9CC3881F4DC17E000C6479 /* Alert.swift */; };
		1A9CC38B1F4DC579000C6479 /* Tools.swift in Sources */ = {isa = PBXBuildFile; fileRef = 1A9CC38A1F4DC579000C6479 /* Tools.swift */; };
		1AA2BC401F4ACEFE00E0C2E5 /* AppDelegate.swift in Sources */ = {isa = PBXBuildFile; fileRef = 1AA2BC3F1F4ACEFE00E0C2E5 /* AppDelegate.swift */; };
		1AA2BC421F4ACEFE00E0C2E5 /* MainViewController.swift in Sources */ = {isa = PBXBuildFile; fileRef = 1AA2BC411F4ACEFE00E0C2E5 /* MainViewController.swift */; };
		1AA2BC451F4ACEFE00E0C2E5 /* Main.storyboard in Resources */ = {isa = PBXBuildFile; fileRef = 1AA2BC431F4ACEFE00E0C2E5 /* Main.storyboard */; };
		1AA2BC481F4ACEFE00E0C2E5 /* SingleSignUp.xcdatamodeld in Sources */ = {isa = PBXBuildFile; fileRef = 1AA2BC461F4ACEFE00E0C2E5 /* SingleSignUp.xcdatamodeld */; };
		1AA2BC4A1F4ACEFE00E0C2E5 /* Assets.xcassets in Resources */ = {isa = PBXBuildFile; fileRef = 1AA2BC491F4ACEFE00E0C2E5 /* Assets.xcassets */; };
		1AA2BC4D1F4ACEFE00E0C2E5 /* LaunchScreen.storyboard in Resources */ = {isa = PBXBuildFile; fileRef = 1AA2BC4B1F4ACEFE00E0C2E5 /* LaunchScreen.storyboard */; };
		1AD244141F6143B5002233EE /* Constants.swift in Sources */ = {isa = PBXBuildFile; fileRef = 1AD244131F6143B5002233EE /* Constants.swift */; };
		1AD244161F615B6A002233EE /* ConfirmViewController.swift in Sources */ = {isa = PBXBuildFile; fileRef = 1AD244151F615B6A002233EE /* ConfirmViewController.swift */; };
		1AD8B95B1F4D7F7600F6777C /* EmailViewController.swift in Sources */ = {isa = PBXBuildFile; fileRef = 1AD8B95A1F4D7F7600F6777C /* EmailViewController.swift */; };
		1AD8B95D1F4D802700F6777C /* PasswordViewController.swift in Sources */ = {isa = PBXBuildFile; fileRef = 1AD8B95C1F4D802700F6777C /* PasswordViewController.swift */; };
		BC3E5AD9DB5247D7F2A08029 /* Pods_SingleSignUp.framework in Frameworks */ = {isa = PBXBuildFile; fileRef = 1896D1627897BA540B0D460D /* Pods_SingleSignUp.framework */; };
/* End PBXBuildFile section */

/* Begin PBXFileReference section */
		1896D1627897BA540B0D460D /* Pods_SingleSignUp.framework */ = {isa = PBXFileReference; explicitFileType = wrapper.framework; includeInIndex = 0; path = Pods_SingleSignUp.framework; sourceTree = BUILT_PRODUCTS_DIR; };
		1A32859F1F6122C700E10042 /* awsconfiguration.json */ = {isa = PBXFileReference; fileEncoding = 4; lastKnownFileType = text.json; path = awsconfiguration.json; sourceTree = "<group>"; };
		1A417FC51F55886700ADC6B5 /* Base */ = {isa = PBXFileReference; lastKnownFileType = file.storyboard; name = Base; path = Base.lproj/Profile.storyboard; sourceTree = "<group>"; };
		1A417FC71F55891900ADC6B5 /* ProfileViewController.swift */ = {isa = PBXFileReference; fileEncoding = 4; lastKnownFileType = sourcecode.swift; path = ProfileViewController.swift; sourceTree = "<group>"; };
		1A417FC91F55909700ADC6B5 /* ProfileViewCell.swift */ = {isa = PBXFileReference; fileEncoding = 4; lastKnownFileType = sourcecode.swift; path = ProfileViewCell.swift; sourceTree = "<group>"; };
		1A813D171F4B0DCD00F190A2 /* Base */ = {isa = PBXFileReference; lastKnownFileType = file.storyboard; name = Base; path = Base.lproj/Onboard.storyboard; sourceTree = "<group>"; };
		1A813D191F4B0F0D00F190A2 /* OnboardViewController.swift */ = {isa = PBXFileReference; fileEncoding = 4; lastKnownFileType = sourcecode.swift; name = OnboardViewController.swift; path = SingleSignUp/Controller/Onboard/OnboardViewController.swift; sourceTree = SOURCE_ROOT; };
		1A813D1C1F4B1C6200F190A2 /* CurrentUser.swift */ = {isa = PBXFileReference; fileEncoding = 4; lastKnownFileType = sourcecode.swift; path = CurrentUser.swift; sourceTree = "<group>"; };
		1A900FA31F4C49FE005B3DA4 /* NameViewController.swift */ = {isa = PBXFileReference; fileEncoding = 4; lastKnownFileType = sourcecode.swift; path = NameViewController.swift; sourceTree = "<group>"; };
		1A900FA51F4C4A15005B3DA4 /* LoginViewController.swift */ = {isa = PBXFileReference; fileEncoding = 4; lastKnownFileType = sourcecode.swift; path = LoginViewController.swift; sourceTree = "<group>"; };
		1A900FA81F4C4C26005B3DA4 /* LoginViewCell.swift */ = {isa = PBXFileReference; fileEncoding = 4; lastKnownFileType = sourcecode.swift; path = LoginViewCell.swift; sourceTree = "<group>"; };
		1A900FAA1F4C4C73005B3DA4 /* SignUpViewCell.swift */ = {isa = PBXFileReference; fileEncoding = 4; lastKnownFileType = sourcecode.swift; path = SignUpViewCell.swift; sourceTree = "<group>"; };
		1A9CC3881F4DC17E000C6479 /* Alert.swift */ = {isa = PBXFileReference; fileEncoding = 4; lastKnownFileType = sourcecode.swift; path = Alert.swift; sourceTree = "<group>"; };
		1A9CC38A1F4DC579000C6479 /* Tools.swift */ = {isa = PBXFileReference; fileEncoding = 4; lastKnownFileType = sourcecode.swift; path = Tools.swift; sourceTree = "<group>"; };
		1AA2BC3C1F4ACEFE00E0C2E5 /* SingleSignUp.app */ = {isa = PBXFileReference; explicitFileType = wrapper.application; includeInIndex = 0; path = SingleSignUp.app; sourceTree = BUILT_PRODUCTS_DIR; };
		1AA2BC3F1F4ACEFE00E0C2E5 /* AppDelegate.swift */ = {isa = PBXFileReference; lastKnownFileType = sourcecode.swift; path = AppDelegate.swift; sourceTree = "<group>"; };
		1AA2BC411F4ACEFE00E0C2E5 /* MainViewController.swift */ = {isa = PBXFileReference; lastKnownFileType = sourcecode.swift; path = MainViewController.swift; sourceTree = "<group>"; };
		1AA2BC441F4ACEFE00E0C2E5 /* Base */ = {isa = PBXFileReference; lastKnownFileType = file.storyboard; name = Base; path = Base.lproj/Main.storyboard; sourceTree = "<group>"; };
		1AA2BC471F4ACEFE00E0C2E5 /* SingleSignUp.xcdatamodel */ = {isa = PBXFileReference; lastKnownFileType = wrapper.xcdatamodel; path = SingleSignUp.xcdatamodel; sourceTree = "<group>"; };
		1AA2BC491F4ACEFE00E0C2E5 /* Assets.xcassets */ = {isa = PBXFileReference; lastKnownFileType = folder.assetcatalog; path = Assets.xcassets; sourceTree = "<group>"; };
		1AA2BC4C1F4ACEFE00E0C2E5 /* Base */ = {isa = PBXFileReference; lastKnownFileType = file.storyboard; name = Base; path = Base.lproj/LaunchScreen.storyboard; sourceTree = "<group>"; };
		1AA2BC4E1F4ACEFE00E0C2E5 /* Info.plist */ = {isa = PBXFileReference; lastKnownFileType = text.plist.xml; path = Info.plist; sourceTree = "<group>"; };
		1AD244131F6143B5002233EE /* Constants.swift */ = {isa = PBXFileReference; fileEncoding = 4; lastKnownFileType = sourcecode.swift; path = Constants.swift; sourceTree = "<group>"; };
		1AD244151F615B6A002233EE /* ConfirmViewController.swift */ = {isa = PBXFileReference; fileEncoding = 4; lastKnownFileType = sourcecode.swift; path = ConfirmViewController.swift; sourceTree = "<group>"; };
		1AD8B95A1F4D7F7600F6777C /* EmailViewController.swift */ = {isa = PBXFileReference; fileEncoding = 4; lastKnownFileType = sourcecode.swift; path = EmailViewController.swift; sourceTree = "<group>"; };
		1AD8B95C1F4D802700F6777C /* PasswordViewController.swift */ = {isa = PBXFileReference; fileEncoding = 4; lastKnownFileType = sourcecode.swift; path = PasswordViewController.swift; sourceTree = "<group>"; };
		C59662BE208432AC876AB2F3 /* Pods-SingleSignUp.debug.xcconfig */ = {isa = PBXFileReference; includeInIndex = 1; lastKnownFileType = text.xcconfig; name = "Pods-SingleSignUp.debug.xcconfig"; path = "Pods/Target Support Files/Pods-SingleSignUp/Pods-SingleSignUp.debug.xcconfig"; sourceTree = "<group>"; };
		D18D719336A916EE7811732A /* Pods_SingleSingUp.framework */ = {isa = PBXFileReference; explicitFileType = wrapper.framework; includeInIndex = 0; path = Pods_SingleSingUp.framework; sourceTree = BUILT_PRODUCTS_DIR; };
		F8704A4492A371B2AD05FAB7 /* Pods-SingleSignUp.release.xcconfig */ = {isa = PBXFileReference; includeInIndex = 1; lastKnownFileType = text.xcconfig; name = "Pods-SingleSignUp.release.xcconfig"; path = "Pods/Target Support Files/Pods-SingleSignUp/Pods-SingleSignUp.release.xcconfig"; sourceTree = "<group>"; };
/* End PBXFileReference section */

/* Begin PBXFrameworksBuildPhase section */
		1AA2BC391F4ACEFE00E0C2E5 /* Frameworks */ = {
			isa = PBXFrameworksBuildPhase;
			buildActionMask = 2147483647;
			files = (
				BC3E5AD9DB5247D7F2A08029 /* Pods_SingleSignUp.framework in Frameworks */,
			);
			runOnlyForDeploymentPostprocessing = 0;
		};
/* End PBXFrameworksBuildPhase section */

/* Begin PBXGroup section */
		1A20B47A1F4C73C600F3A44C /* Onboard */ = {
			isa = PBXGroup;
			children = (
				1A813D191F4B0F0D00F190A2 /* OnboardViewController.swift */,
				1A417FC71F55891900ADC6B5 /* ProfileViewController.swift */,
				1A20B47C1F4C73F100F3A44C /* SignUp */,
				1A20B47B1F4C73E900F3A44C /* Login */,
			);
			path = Onboard;
			sourceTree = "<group>";
		};
		1A20B47B1F4C73E900F3A44C /* Login */ = {
			isa = PBXGroup;
			children = (
				1A900FA51F4C4A15005B3DA4 /* LoginViewController.swift */,
			);
			path = Login;
			sourceTree = "<group>";
		};
		1A20B47C1F4C73F100F3A44C /* SignUp */ = {
			isa = PBXGroup;
			children = (
				1A900FA31F4C49FE005B3DA4 /* NameViewController.swift */,
				1AD8B95A1F4D7F7600F6777C /* EmailViewController.swift */,
				1AD8B95C1F4D802700F6777C /* PasswordViewController.swift */,
				1AD244151F615B6A002233EE /* ConfirmViewController.swift */,
			);
			path = SignUp;
			sourceTree = "<group>";
		};
		1A813D131F4B0AE700F190A2 /* Controller */ = {
			isa = PBXGroup;
			children = (
				1A20B47A1F4C73C600F3A44C /* Onboard */,
				1AA2BC411F4ACEFE00E0C2E5 /* MainViewController.swift */,
			);
			path = Controller;
			sourceTree = "<group>";
		};
		1A813D151F4B0D5E00F190A2 /* Storyboard */ = {
			isa = PBXGroup;
			children = (
				1AA2BC431F4ACEFE00E0C2E5 /* Main.storyboard */,
				1A813D161F4B0DCD00F190A2 /* Onboard.storyboard */,
				1A417FC41F55886700ADC6B5 /* Profile.storyboard */,
				1AA2BC4B1F4ACEFE00E0C2E5 /* LaunchScreen.storyboard */,
			);
			name = Storyboard;
			sourceTree = "<group>";
		};
		1A813D1B1F4B1C3300F190A2 /* User */ = {
			isa = PBXGroup;
			children = (
				1A813D1C1F4B1C6200F190A2 /* CurrentUser.swift */,
			);
			path = User;
			sourceTree = "<group>";
		};
		1A900FA71F4C4B2B005B3DA4 /* View */ = {
			isa = PBXGroup;
			children = (
				1A900FA81F4C4C26005B3DA4 /* LoginViewCell.swift */,
				1A900FAA1F4C4C73005B3DA4 /* SignUpViewCell.swift */,
				1A417FC91F55909700ADC6B5 /* ProfileViewCell.swift */,
			);
			path = View;
			sourceTree = "<group>";
		};
		1A9CC3871F4DC133000C6479 /* Helper */ = {
			isa = PBXGroup;
			children = (
				1A9CC3881F4DC17E000C6479 /* Alert.swift */,
				1A9CC38A1F4DC579000C6479 /* Tools.swift */,
				1AD244131F6143B5002233EE /* Constants.swift */,
			);
			path = Helper;
			sourceTree = "<group>";
		};
		1AA2BC331F4ACEFE00E0C2E5 = {
			isa = PBXGroup;
			children = (
				1AA2BC3E1F4ACEFE00E0C2E5 /* SingleSignUp */,
				1AA2BC3D1F4ACEFE00E0C2E5 /* Products */,
				299FA090A28131128BFDAD62 /* Pods */,
				72C479400C7137E63CB8B25C /* Frameworks */,
			);
			sourceTree = "<group>";
		};
		1AA2BC3D1F4ACEFE00E0C2E5 /* Products */ = {
			isa = PBXGroup;
			children = (
				1AA2BC3C1F4ACEFE00E0C2E5 /* SingleSignUp.app */,
			);
			name = Products;
			sourceTree = "<group>";
		};
		1AA2BC3E1F4ACEFE00E0C2E5 /* SingleSignUp */ = {
			isa = PBXGroup;
			children = (
				1AA2BC3F1F4ACEFE00E0C2E5 /* AppDelegate.swift */,
				1A813D1B1F4B1C3300F190A2 /* User */,
				1A9CC3871F4DC133000C6479 /* Helper */,
				1A813D131F4B0AE700F190A2 /* Controller */,
				1A900FA71F4C4B2B005B3DA4 /* View */,
				1A813D151F4B0D5E00F190A2 /* Storyboard */,
				1AA2BC491F4ACEFE00E0C2E5 /* Assets.xcassets */,
				1AA2BC4E1F4ACEFE00E0C2E5 /* Info.plist */,
				1A32859F1F6122C700E10042 /* awsconfiguration.json */,
				1AA2BC461F4ACEFE00E0C2E5 /* SingleSignUp.xcdatamodeld */,
			);
			path = SingleSignUp;
			sourceTree = "<group>";
		};
		299FA090A28131128BFDAD62 /* Pods */ = {
			isa = PBXGroup;
			children = (
				C59662BE208432AC876AB2F3 /* Pods-SingleSignUp.debug.xcconfig */,
				F8704A4492A371B2AD05FAB7 /* Pods-SingleSignUp.release.xcconfig */,
			);
			name = Pods;
			sourceTree = "<group>";
		};
		72C479400C7137E63CB8B25C /* Frameworks */ = {
			isa = PBXGroup;
			children = (
				D18D719336A916EE7811732A /* Pods_SingleSingUp.framework */,
				1896D1627897BA540B0D460D /* Pods_SingleSignUp.framework */,
			);
			name = Frameworks;
			sourceTree = "<group>";
		};
/* End PBXGroup section */

/* Begin PBXNativeTarget section */
		1AA2BC3B1F4ACEFE00E0C2E5 /* SingleSignUp */ = {
			isa = PBXNativeTarget;
			buildConfigurationList = 1AA2BC511F4ACEFE00E0C2E5 /* Build configuration list for PBXNativeTarget "SingleSignUp" */;
			buildPhases = (
				63779D1713DC408413116FAA /* [CP] Check Pods Manifest.lock */,
				1AA2BC381F4ACEFE00E0C2E5 /* Sources */,
				1AA2BC391F4ACEFE00E0C2E5 /* Frameworks */,
				1AA2BC3A1F4ACEFE00E0C2E5 /* Resources */,
				5EADC30C71462763F385F34F /* [CP] Embed Pods Frameworks */,
				E5F110CEF67F4AF37D96ED15 /* [CP] Copy Pods Resources */,
			);
			buildRules = (
			);
			dependencies = (
			);
			name = SingleSignUp;
			productName = SingleSingUp;
			productReference = 1AA2BC3C1F4ACEFE00E0C2E5 /* SingleSignUp.app */;
			productType = "com.apple.product-type.application";
		};
/* End PBXNativeTarget section */

/* Begin PBXProject section */
		1AA2BC341F4ACEFE00E0C2E5 /* Project object */ = {
			isa = PBXProject;
			attributes = {
				LastSwiftUpdateCheck = 0820;
				LastUpgradeCheck = 0820;
				ORGANIZATIONNAME = "Carlos Martin";
				TargetAttributes = {
					1AA2BC3B1F4ACEFE00E0C2E5 = {
						CreatedOnToolsVersion = 8.2.1;
						DevelopmentTeam = YRTWAFKJ72;
						LastSwiftMigration = 0820;
						ProvisioningStyle = Automatic;
					};
				};
			};
			buildConfigurationList = 1AA2BC371F4ACEFE00E0C2E5 /* Build configuration list for PBXProject "SingleSignUp" */;
			compatibilityVersion = "Xcode 3.2";
			developmentRegion = English;
			hasScannedForEncodings = 0;
			knownRegions = (
				en,
				Base,
			);
			mainGroup = 1AA2BC331F4ACEFE00E0C2E5;
			productRefGroup = 1AA2BC3D1F4ACEFE00E0C2E5 /* Products */;
			projectDirPath = "";
			projectRoot = "";
			targets = (
				1AA2BC3B1F4ACEFE00E0C2E5 /* SingleSignUp */,
			);
		};
/* End PBXProject section */

/* Begin PBXResourcesBuildPhase section */
		1AA2BC3A1F4ACEFE00E0C2E5 /* Resources */ = {
			isa = PBXResourcesBuildPhase;
			buildActionMask = 2147483647;
			files = (
				1AA2BC4D1F4ACEFE00E0C2E5 /* LaunchScreen.storyboard in Resources */,
				1AA2BC4A1F4ACEFE00E0C2E5 /* Assets.xcassets in Resources */,
				1A3285A01F6122C700E10042 /* awsconfiguration.json in Resources */,
				1A417FC61F55886700ADC6B5 /* Profile.storyboard in Resources */,
				1A813D181F4B0DCD00F190A2 /* Onboard.storyboard in Resources */,
				1AA2BC451F4ACEFE00E0C2E5 /* Main.storyboard in Resources */,
			);
			runOnlyForDeploymentPostprocessing = 0;
		};
/* End PBXResourcesBuildPhase section */

/* Begin PBXShellScriptBuildPhase section */
		5EADC30C71462763F385F34F /* [CP] Embed Pods Frameworks */ = {
			isa = PBXShellScriptBuildPhase;
			buildActionMask = 2147483647;
			files = (
			);
			inputPaths = (
				"${SRCROOT}/Pods/Target Support Files/Pods-SingleSignUp/Pods-SingleSignUp-frameworks.sh",
				"${BUILT_PRODUCTS_DIR}/AWSAuthCore/AWSAuthCore.framework",
				"${BUILT_PRODUCTS_DIR}/AWSAuthUI/AWSAuthUI.framework",
				"${BUILT_PRODUCTS_DIR}/AWSCognito/AWSCognito.framework",
				"${BUILT_PRODUCTS_DIR}/AWSCognitoIdentityProvider/AWSCognitoIdentityProvider.framework",
				"${BUILT_PRODUCTS_DIR}/AWSCore/AWSCore.framework",
				"${BUILT_PRODUCTS_DIR}/AWSS3/AWSS3.framework",
				"${BUILT_PRODUCTS_DIR}/AWSUserPoolsSignIn/AWSUserPoolsSignIn.framework",
			);
			name = "[CP] Embed Pods Frameworks";
			outputPaths = (
				"${TARGET_BUILD_DIR}/${FRAMEWORKS_FOLDER_PATH}/AWSAuthCore.framework",
				"${TARGET_BUILD_DIR}/${FRAMEWORKS_FOLDER_PATH}/AWSAuthUI.framework",
				"${TARGET_BUILD_DIR}/${FRAMEWORKS_FOLDER_PATH}/AWSCognito.framework",
				"${TARGET_BUILD_DIR}/${FRAMEWORKS_FOLDER_PATH}/AWSCognitoIdentityProvider.framework",
				"${TARGET_BUILD_DIR}/${FRAMEWORKS_FOLDER_PATH}/AWSCore.framework",
				"${TARGET_BUILD_DIR}/${FRAMEWORKS_FOLDER_PATH}/AWSS3.framework",
				"${TARGET_BUILD_DIR}/${FRAMEWORKS_FOLDER_PATH}/AWSUserPoolsSignIn.framework",
			);
			runOnlyForDeploymentPostprocessing = 0;
			shellPath = /bin/sh;
			shellScript = "\"${SRCROOT}/Pods/Target Support Files/Pods-SingleSignUp/Pods-SingleSignUp-frameworks.sh\"\n";
			showEnvVarsInLog = 0;
		};
		63779D1713DC408413116FAA /* [CP] Check Pods Manifest.lock */ = {
			isa = PBXShellScriptBuildPhase;
			buildActionMask = 2147483647;
			files = (
			);
			inputPaths = (
				"${PODS_PODFILE_DIR_PATH}/Podfile.lock",
				"${PODS_ROOT}/Manifest.lock",
			);
			name = "[CP] Check Pods Manifest.lock";
			outputPaths = (
				"$(DERIVED_FILE_DIR)/Pods-SingleSignUp-checkManifestLockResult.txt",
			);
			runOnlyForDeploymentPostprocessing = 0;
			shellPath = /bin/sh;
			shellScript = "diff \"${PODS_PODFILE_DIR_PATH}/Podfile.lock\" \"${PODS_ROOT}/Manifest.lock\" > /dev/null\nif [ $? != 0 ] ; then\n    # print error to STDERR\n    echo \"error: The sandbox is not in sync with the Podfile.lock. Run 'pod install' or update your CocoaPods installation.\" >&2\n    exit 1\nfi\n# This output is used by Xcode 'outputs' to avoid re-running this script phase.\necho \"SUCCESS\" > \"${SCRIPT_OUTPUT_FILE_0}\"\n";
			showEnvVarsInLog = 0;
		};
		E5F110CEF67F4AF37D96ED15 /* [CP] Copy Pods Resources */ = {
			isa = PBXShellScriptBuildPhase;
			buildActionMask = 2147483647;
			files = (
			);
			inputPaths = (
			);
			name = "[CP] Copy Pods Resources";
			outputPaths = (
			);
			runOnlyForDeploymentPostprocessing = 0;
			shellPath = /bin/sh;
			shellScript = "\"${SRCROOT}/Pods/Target Support Files/Pods-SingleSignUp/Pods-SingleSignUp-resources.sh\"\n";
			showEnvVarsInLog = 0;
		};
/* End PBXShellScriptBuildPhase section */

/* Begin PBXSourcesBuildPhase section */
		1AA2BC381F4ACEFE00E0C2E5 /* Sources */ = {
			isa = PBXSourcesBuildPhase;
			buildActionMask = 2147483647;
			files = (
				1A9CC38B1F4DC579000C6479 /* Tools.swift in Sources */,
				1A900FA61F4C4A15005B3DA4 /* LoginViewController.swift in Sources */,
				1A900FA41F4C49FE005B3DA4 /* NameViewController.swift in Sources */,
				1A900FA91F4C4C26005B3DA4 /* LoginViewCell.swift in Sources */,
				1AD244161F615B6A002233EE /* ConfirmViewController.swift in Sources */,
				1A417FC81F55891900ADC6B5 /* ProfileViewController.swift in Sources */,
				1AD8B95D1F4D802700F6777C /* PasswordViewController.swift in Sources */,
				1A813D1D1F4B1C6200F190A2 /* CurrentUser.swift in Sources */,
				1AD244141F6143B5002233EE /* Constants.swift in Sources */,
				1AA2BC421F4ACEFE00E0C2E5 /* MainViewController.swift in Sources */,
				1A9CC3891F4DC17E000C6479 /* Alert.swift in Sources */,
				1A417FCA1F55909700ADC6B5 /* ProfileViewCell.swift in Sources */,
				1A900FAB1F4C4C73005B3DA4 /* SignUpViewCell.swift in Sources */,
				1AA2BC481F4ACEFE00E0C2E5 /* SingleSignUp.xcdatamodeld in Sources */,
				1A813D1A1F4B0F0D00F190A2 /* OnboardViewController.swift in Sources */,
				1AA2BC401F4ACEFE00E0C2E5 /* AppDelegate.swift in Sources */,
				1AD8B95B1F4D7F7600F6777C /* EmailViewController.swift in Sources */,
			);
			runOnlyForDeploymentPostprocessing = 0;
		};
/* End PBXSourcesBuildPhase section */

/* Begin PBXVariantGroup section */
		1A417FC41F55886700ADC6B5 /* Profile.storyboard */ = {
			isa = PBXVariantGroup;
			children = (
				1A417FC51F55886700ADC6B5 /* Base */,
			);
			name = Profile.storyboard;
			sourceTree = "<group>";
		};
		1A813D161F4B0DCD00F190A2 /* Onboard.storyboard */ = {
			isa = PBXVariantGroup;
			children = (
				1A813D171F4B0DCD00F190A2 /* Base */,
			);
			name = Onboard.storyboard;
			sourceTree = "<group>";
		};
		1AA2BC431F4ACEFE00E0C2E5 /* Main.storyboard */ = {
			isa = PBXVariantGroup;
			children = (
				1AA2BC441F4ACEFE00E0C2E5 /* Base */,
			);
			name = Main.storyboard;
			sourceTree = "<group>";
		};
		1AA2BC4B1F4ACEFE00E0C2E5 /* LaunchScreen.storyboard */ = {
			isa = PBXVariantGroup;
			children = (
				1AA2BC4C1F4ACEFE00E0C2E5 /* Base */,
			);
			name = LaunchScreen.storyboard;
			sourceTree = "<group>";
		};
/* End PBXVariantGroup section */

/* Begin XCBuildConfiguration section */
		1AA2BC4F1F4ACEFE00E0C2E5 /* Debug */ = {
			isa = XCBuildConfiguration;
			buildSettings = {
				ALWAYS_SEARCH_USER_PATHS = NO;
				CLANG_ANALYZER_NONNULL = YES;
				CLANG_CXX_LANGUAGE_STANDARD = "gnu++0x";
				CLANG_CXX_LIBRARY = "libc++";
				CLANG_ENABLE_MODULES = YES;
				CLANG_ENABLE_OBJC_ARC = YES;
				CLANG_WARN_BOOL_CONVERSION = YES;
				CLANG_WARN_CONSTANT_CONVERSION = YES;
				CLANG_WARN_DIRECT_OBJC_ISA_USAGE = YES_ERROR;
				CLANG_WARN_DOCUMENTATION_COMMENTS = YES;
				CLANG_WARN_EMPTY_BODY = YES;
				CLANG_WARN_ENUM_CONVERSION = YES;
				CLANG_WARN_INFINITE_RECURSION = YES;
				CLANG_WARN_INT_CONVERSION = YES;
				CLANG_WARN_OBJC_ROOT_CLASS = YES_ERROR;
				CLANG_WARN_SUSPICIOUS_MOVE = YES;
				CLANG_WARN_UNREACHABLE_CODE = YES;
				CLANG_WARN__DUPLICATE_METHOD_MATCH = YES;
				"CODE_SIGN_IDENTITY[sdk=iphoneos*]" = "iPhone Developer";
				COPY_PHASE_STRIP = NO;
				DEBUG_INFORMATION_FORMAT = dwarf;
				ENABLE_STRICT_OBJC_MSGSEND = YES;
				ENABLE_TESTABILITY = YES;
				GCC_C_LANGUAGE_STANDARD = gnu99;
				GCC_DYNAMIC_NO_PIC = NO;
				GCC_NO_COMMON_BLOCKS = YES;
				GCC_OPTIMIZATION_LEVEL = 0;
				GCC_PREPROCESSOR_DEFINITIONS = (
					"DEBUG=1",
					"$(inherited)",
				);
				GCC_WARN_64_TO_32_BIT_CONVERSION = YES;
				GCC_WARN_ABOUT_RETURN_TYPE = YES_ERROR;
				GCC_WARN_UNDECLARED_SELECTOR = YES;
				GCC_WARN_UNINITIALIZED_AUTOS = YES_AGGRESSIVE;
				GCC_WARN_UNUSED_FUNCTION = YES;
				GCC_WARN_UNUSED_VARIABLE = YES;
				IPHONEOS_DEPLOYMENT_TARGET = 10.2;
				MTL_ENABLE_DEBUG_INFO = YES;
				ONLY_ACTIVE_ARCH = YES;
				SDKROOT = iphoneos;
				SWIFT_ACTIVE_COMPILATION_CONDITIONS = DEBUG;
				SWIFT_OPTIMIZATION_LEVEL = "-Onone";
			};
			name = Debug;
		};
		1AA2BC501F4ACEFE00E0C2E5 /* Release */ = {
			isa = XCBuildConfiguration;
			buildSettings = {
				ALWAYS_SEARCH_USER_PATHS = NO;
				CLANG_ANALYZER_NONNULL = YES;
				CLANG_CXX_LANGUAGE_STANDARD = "gnu++0x";
				CLANG_CXX_LIBRARY = "libc++";
				CLANG_ENABLE_MODULES = YES;
				CLANG_ENABLE_OBJC_ARC = YES;
				CLANG_WARN_BOOL_CONVERSION = YES;
				CLANG_WARN_CONSTANT_CONVERSION = YES;
				CLANG_WARN_DIRECT_OBJC_ISA_USAGE = YES_ERROR;
				CLANG_WARN_DOCUMENTATION_COMMENTS = YES;
				CLANG_WARN_EMPTY_BODY = YES;
				CLANG_WARN_ENUM_CONVERSION = YES;
				CLANG_WARN_INFINITE_RECURSION = YES;
				CLANG_WARN_INT_CONVERSION = YES;
				CLANG_WARN_OBJC_ROOT_CLASS = YES_ERROR;
				CLANG_WARN_SUSPICIOUS_MOVE = YES;
				CLANG_WARN_UNREACHABLE_CODE = YES;
				CLANG_WARN__DUPLICATE_METHOD_MATCH = YES;
				"CODE_SIGN_IDENTITY[sdk=iphoneos*]" = "iPhone Developer";
				COPY_PHASE_STRIP = NO;
				DEBUG_INFORMATION_FORMAT = "dwarf-with-dsym";
				ENABLE_NS_ASSERTIONS = NO;
				ENABLE_STRICT_OBJC_MSGSEND = YES;
				GCC_C_LANGUAGE_STANDARD = gnu99;
				GCC_NO_COMMON_BLOCKS = YES;
				GCC_WARN_64_TO_32_BIT_CONVERSION = YES;
				GCC_WARN_ABOUT_RETURN_TYPE = YES_ERROR;
				GCC_WARN_UNDECLARED_SELECTOR = YES;
				GCC_WARN_UNINITIALIZED_AUTOS = YES_AGGRESSIVE;
				GCC_WARN_UNUSED_FUNCTION = YES;
				GCC_WARN_UNUSED_VARIABLE = YES;
				IPHONEOS_DEPLOYMENT_TARGET = 10.2;
				MTL_ENABLE_DEBUG_INFO = NO;
				SDKROOT = iphoneos;
				SWIFT_OPTIMIZATION_LEVEL = "-Owholemodule";
				VALIDATE_PRODUCT = YES;
			};
			name = Release;
		};
		1AA2BC521F4ACEFE00E0C2E5 /* Debug */ = {
			isa = XCBuildConfiguration;
			baseConfigurationReference = C59662BE208432AC876AB2F3 /* Pods-SingleSignUp.debug.xcconfig */;
			buildSettings = {
				ASSETCATALOG_COMPILER_APPICON_NAME = AppIcon;
				CLANG_ENABLE_MODULES = YES;
				DEVELOPMENT_TEAM = YRTWAFKJ72;
				INFOPLIST_FILE = "$(SRCROOT)/SingleSignUp/Info.plist";
				LD_RUNPATH_SEARCH_PATHS = "$(inherited) @executable_path/Frameworks";
				PRODUCT_BUNDLE_IDENTIFIER = carlos.martin.SingleSignUp;
				PRODUCT_NAME = "$(TARGET_NAME)";
				SWIFT_OPTIMIZATION_LEVEL = "-Onone";
				SWIFT_VERSION = 3.0;
			};
			name = Debug;
		};
		1AA2BC531F4ACEFE00E0C2E5 /* Release */ = {
			isa = XCBuildConfiguration;
			baseConfigurationReference = F8704A4492A371B2AD05FAB7 /* Pods-SingleSignUp.release.xcconfig */;
			buildSettings = {
				ASSETCATALOG_COMPILER_APPICON_NAME = AppIcon;
				CLANG_ENABLE_MODULES = YES;
				DEVELOPMENT_TEAM = YRTWAFKJ72;
				INFOPLIST_FILE = "$(SRCROOT)/SingleSignUp/Info.plist";
				LD_RUNPATH_SEARCH_PATHS = "$(inherited) @executable_path/Frameworks";
				PRODUCT_BUNDLE_IDENTIFIER = carlos.martin.SingleSignUp;
				PRODUCT_NAME = "$(TARGET_NAME)";
				SWIFT_OBJC_BRIDGING_HEADER = "";
				SWIFT_VERSION = 3.0;
			};
			name = Release;
		};
/* End XCBuildConfiguration section */

/* Begin XCConfigurationList section */
		1AA2BC371F4ACEFE00E0C2E5 /* Build configuration list for PBXProject "SingleSignUp" */ = {
			isa = XCConfigurationList;
			buildConfigurations = (
				1AA2BC4F1F4ACEFE00E0C2E5 /* Debug */,
				1AA2BC501F4ACEFE00E0C2E5 /* Release */,
			);
			defaultConfigurationIsVisible = 0;
			defaultConfigurationName = Release;
		};
		1AA2BC511F4ACEFE00E0C2E5 /* Build configuration list for PBXNativeTarget "SingleSignUp" */ = {
			isa = XCConfigurationList;
			buildConfigurations = (
				1AA2BC521F4ACEFE00E0C2E5 /* Debug */,
				1AA2BC531F4ACEFE00E0C2E5 /* Release */,
			);
			defaultConfigurationIsVisible = 0;
			defaultConfigurationName = Release;
		};
/* End XCConfigurationList section */

/* Begin XCVersionGroup section */
		1AA2BC461F4ACEFE00E0C2E5 /* SingleSignUp.xcdatamodeld */ = {
			isa = XCVersionGroup;
			children = (
				1AA2BC471F4ACEFE00E0C2E5 /* SingleSignUp.xcdatamodel */,
			);
			currentVersion = 1AA2BC471F4ACEFE00E0C2E5 /* SingleSignUp.xcdatamodel */;
			path = SingleSignUp.xcdatamodeld;
			sourceTree = "<group>";
			versionGroupType = wrapper.xcdatamodel;
		};
/* End XCVersionGroup section */
	};
	rootObject = 1AA2BC341F4ACEFE00E0C2E5 /* Project object */;
}
